<Solution>
  <Folder Name="/src/">
    <Project Path="src/TypeWhisper.Core/TypeWhisper.Core.csproj" />
    <Project Path="src/TypeWhisper.Presentation/TypeWhisper.Presentation.csproj" />
    <Project Path="src/TypeWhisper.WinUI/TypeWhisper.WinUI.csproj" />
    <Project Path="src/TypeWhisper.PluginSDK/TypeWhisper.PluginSDK.csproj" />
    <Project Path="src/TypeWhisper.Windows/TypeWhisper.Windows.csproj" />
  </Folder>
  <Folder Name="/tests/">
    <Project Path="tests/TypeWhisper.PluginSDK.Portable.Tests/TypeWhisper.PluginSDK.Portable.Tests.csproj" />
    <Project Path="tests/TypeWhisper.PluginSDK.PortableFixture/TypeWhisper.PluginSDK.PortableFixture.csproj" />
    <Project Path="tests/TypeWhisper.Core.Tests/TypeWhisper.Core.Tests.csproj" />
    <Project Path="tests/TypeWhisper.Presentation.Tests/TypeWhisper.Presentation.Tests.csproj" />
    <Project Path="tests/TypeWhisper.PluginSystem.Tests/TypeWhisper.PluginSystem.Tests.csproj" />
  </Folder>
  <Folder Name="/tools/">
    <Project Path="tools/TypeWhisper.UiAutomation/TypeWhisper.UiAutomation.csproj" />
  </Folder>
</Solution>
